
Microsoft Visual Studio Solution File, Format Version 12.00
# Visual Studio Version 16
VisualStudioVersion = 16.0.29411.108
MinimumVisualStudioVersion = 10.0.40219.1
Project("{F184B08F-C81C-45F6-A57F-5ABD9991F28F}") = "Game_practice", "Game_practice\Game_practice.vbproj", "{0669C066-3157-4EB2-8C8F-BE002C52A422}"
EndProject
Global
	GlobalSection(SolutionConfigurationPlatforms) = preSolution
		Debug|Any CPU = Debug|Any CPU
		Release|Any CPU = Release|Any CPU
	EndGlobalSection
	GlobalSection(ProjectConfigurationPlatforms) = postSolution
		{0669C066-3157-4EB2-8C8F-BE002C52A422}.Debug|Any CPU.ActiveCfg = Debug|Any CPU
		{0669C066-3157-4EB2-8C8F-BE002C52A422}.Debug|Any CPU.Build.0 = Debug|Any CPU
		{0669C066-3157-4EB2-8C8F-BE002C52A422}.Release|Any CPU.ActiveCfg = Release|Any CPU
		{0669C066-3157-4EB2-8C8F-BE002C52A422}.Release|Any CPU.Build.0 = Release|Any CPU
	EndGlobalSection
	GlobalSection(SolutionProperties) = preSolution
		HideSolutionNode = FALSE
	EndGlobalSection
	GlobalSection(ExtensibilityGlobals) = postSolution
		SolutionGuid = {3851EAB9-284E-434A-B8AB-45E75E1658E9}
	EndGlobalSection
EndGlobal
